
Microsoft Visual Studio Solution File, Format Version 12.00
# Visual Studio Version 17
VisualStudioVersion = 17.10.34928.147
MinimumVisualStudioVersion = 10.0.40219.1
Project("{9A19103F-16F7-4668-BE54-9A1E7A4F7556}") = "Portfolio", "Portfolio.csproj", "{7BC3CC6C-297B-4495-B8ED-982F17093EDD}"
EndProject
Global
	GlobalSection(SolutionConfigurationPlatforms) = preSolution
		Debug|Any CPU = Debug|Any CPU
		Release|Any CPU = Release|Any CPU
	EndGlobalSection
	GlobalSection(ProjectConfigurationPlatforms) = postSolution
		{7BC3CC6C-297B-4495-B8ED-982F17093EDD}.Debug|Any CPU.ActiveCfg = Debug|Any CPU
		{7BC3CC6C-297B-4495-B8ED-982F17093EDD}.Debug|Any CPU.Build.0 = Debug|Any CPU
		{7BC3CC6C-297B-4495-B8ED-982F17093EDD}.Release|Any CPU.ActiveCfg = Release|Any CPU
		{7BC3CC6C-297B-4495-B8ED-982F17093EDD}.Release|Any CPU.Build.0 = Release|Any CPU
	EndGlobalSection
	GlobalSection(SolutionProperties) = preSolution
		HideSolutionNode = FALSE
	EndGlobalSection
	GlobalSection(ExtensibilityGlobals) = postSolution
		SolutionGuid = {A6B07C3A-67E0-4C3E-80FE-08D66E282780}
	EndGlobalSection
EndGlobal
